// !$*UTF8*$!
{
	archiveVersion = 1;
	classes = {
	};
	objectVersion = 56;
	objects = {

/* Begin PBXBuildFile section */
		09191CB42B5A17A600E3FE7B /* AppDelegate.swift in Sources */ = {isa = PBXBuildFile; fileRef = 09191CB32B5A17A600E3FE7B /* AppDelegate.swift */; };
		09191CB62B5A17A600E3FE7B /* SceneDelegate.swift in Sources */ = {isa = PBXBuildFile; fileRef = 09191CB52B5A17A600E3FE7B /* SceneDelegate.swift */; };
		09191CB82B5A17A600E3FE7B /* ViewController.swift in Sources */ = {isa = PBXBuildFile; fileRef = 09191CB72B5A17A600E3FE7B /* ViewController.swift */; };
		09191CBB2B5A17A600E3FE7B /* Main.storyboard in Resources */ = {isa = PBXBuildFile; fileRef = 09191CB92B5A17A600E3FE7B /* Main.storyboard */; };
		09191CBD2B5A17A700E3FE7B /* Assets.xcassets in Resources */ = {isa = PBXBuildFile; fileRef = 09191CBC2B5A17A700E3FE7B /* Assets.xcassets */; };
		09191CC02B5A17A700E3FE7B /* LaunchScreen.storyboard in Resources */ = {isa = PBXBuildFile; fileRef = 09191CBE2B5A17A700E3FE7B /* LaunchScreen.storyboard */; };
		09191CCC2B5A186900E3FE7B /* Onboarding.storyboard in Resources */ = {isa = PBXBuildFile; fileRef = 09191CCB2B5A186900E3FE7B /* Onboarding.storyboard */; };
		09191CCE2B5A1A1500E3FE7B /* Profile.storyboard in Resources */ = {isa = PBXBuildFile; fileRef = 09191CCD2B5A1A1500E3FE7B /* Profile.storyboard */; };
		09191CD02B5A1B5E00E3FE7B /* Search.storyboard in Resources */ = {isa = PBXBuildFile; fileRef = 09191CCF2B5A1B5E00E3FE7B /* Search.storyboard */; };
		09191CD32B5A1E1600E3FE7B /* Setting.storyboard in Resources */ = {isa = PBXBuildFile; fileRef = 09191CD22B5A1E1600E3FE7B /* Setting.storyboard */; };
		09191CD52B5A20E700E3FE7B /* OnboardingViewController.swift in Sources */ = {isa = PBXBuildFile; fileRef = 09191CD42B5A20E700E3FE7B /* OnboardingViewController.swift */; };
		09191CD72B5A249300E3FE7B /* SearchViewController.swift in Sources */ = {isa = PBXBuildFile; fileRef = 09191CD62B5A249300E3FE7B /* SearchViewController.swift */; };
		09191CD92B5A28E300E3FE7B /* SearchResultViewController.swift in Sources */ = {isa = PBXBuildFile; fileRef = 09191CD82B5A28E300E3FE7B /* SearchResultViewController.swift */; };
		09191CDB2B5A2F1000E3FE7B /* ProfileViewController.swift in Sources */ = {isa = PBXBuildFile; fileRef = 09191CDA2B5A2F1000E3FE7B /* ProfileViewController.swift */; };
		09191CDD2B5A3D2900E3FE7B /* ProfileImageViewController.swift in Sources */ = {isa = PBXBuildFile; fileRef = 09191CDC2B5A3D2900E3FE7B /* ProfileImageViewController.swift */; };
		09191CE22B5A422400E3FE7B /* ProfileTableViewCell.swift in Sources */ = {isa = PBXBuildFile; fileRef = 09191CE02B5A422400E3FE7B /* ProfileTableViewCell.swift */; };
		09191CE32B5A422400E3FE7B /* ProfileTableViewCell.xib in Resources */ = {isa = PBXBuildFile; fileRef = 09191CE12B5A422400E3FE7B /* ProfileTableViewCell.xib */; };
		09191CE52B5A44A000E3FE7B /* SettingViewController.swift in Sources */ = {isa = PBXBuildFile; fileRef = 09191CE42B5A44A000E3FE7B /* SettingViewController.swift */; };
		09191CEA2B5A4BBA00E3FE7B /* SettingTableViewCell.swift in Sources */ = {isa = PBXBuildFile; fileRef = 09191CE82B5A4BBA00E3FE7B /* SettingTableViewCell.swift */; };
		09191CEB2B5A4BBA00E3FE7B /* SettingTableViewCell.xib in Resources */ = {isa = PBXBuildFile; fileRef = 09191CE92B5A4BBA00E3FE7B /* SettingTableViewCell.xib */; };
		09191CEE2B5A4E2F00E3FE7B /* ProfileImageCollectionViewCell.swift in Sources */ = {isa = PBXBuildFile; fileRef = 09191CEC2B5A4E2F00E3FE7B /* ProfileImageCollectionViewCell.swift */; };
		09191CEF2B5A4E2F00E3FE7B /* ProfileImageCollectionViewCell.xib in Resources */ = {isa = PBXBuildFile; fileRef = 09191CED2B5A4E2F00E3FE7B /* ProfileImageCollectionViewCell.xib */; };
		09191CF12B5A51D900E3FE7B /* SearchDetailViewController.swift in Sources */ = {isa = PBXBuildFile; fileRef = 09191CF02B5A51D900E3FE7B /* SearchDetailViewController.swift */; };
		09191CF42B5A51F400E3FE7B /* RecentSearchTableViewCell.swift in Sources */ = {isa = PBXBuildFile; fileRef = 09191CF22B5A51F400E3FE7B /* RecentSearchTableViewCell.swift */; };
		09191CF52B5A51F400E3FE7B /* RecentSearchTableViewCell.xib in Resources */ = {isa = PBXBuildFile; fileRef = 09191CF32B5A51F400E3FE7B /* RecentSearchTableViewCell.xib */; };
		09191CFA2B5A53DF00E3FE7B /* SearchResultCollectionViewCell.swift in Sources */ = {isa = PBXBuildFile; fileRef = 09191CF82B5A53DF00E3FE7B /* SearchResultCollectionViewCell.swift */; };
		09191CFB2B5A53DF00E3FE7B /* SearchResultCollectionViewCell.xib in Resources */ = {isa = PBXBuildFile; fileRef = 09191CF92B5A53DF00E3FE7B /* SearchResultCollectionViewCell.xib */; };
		09191D002B5AAD6500E3FE7B /* UserDefaultsManager.swift in Sources */ = {isa = PBXBuildFile; fileRef = 09191CFF2B5AAD6500E3FE7B /* UserDefaultsManager.swift */; };
		09191D022B5CCBF300E3FE7B /* .gitignore in Resources */ = {isa = PBXBuildFile; fileRef = 09191D012B5CCBF300E3FE7B /* .gitignore */; };
		09191D042B5CCC2F00E3FE7B /* APIKey.swift in Sources */ = {isa = PBXBuildFile; fileRef = 09191D032B5CCC2F00E3FE7B /* APIKey.swift */; };
		09191D072B5CCDA600E3FE7B /* Alamofire in Frameworks */ = {isa = PBXBuildFile; productRef = 09191D062B5CCDA600E3FE7B /* Alamofire */; };
		09191D0B2B5CCE4700E3FE7B /* Shopping.swift in Sources */ = {isa = PBXBuildFile; fileRef = 09191D0A2B5CCE4700E3FE7B /* Shopping.swift */; };
		09191D0E2B5CDF0C00E3FE7B /* Kingfisher in Frameworks */ = {isa = PBXBuildFile; productRef = 09191D0D2B5CDF0C00E3FE7B /* Kingfisher */; };
		09191D102B5D32F500E3FE7B /* mainTabBarController.swift in Sources */ = {isa = PBXBuildFile; fileRef = 09191D0F2B5D32F500E3FE7B /* mainTabBarController.swift */; };
/* End PBXBuildFile section */

/* Begin PBXFileReference section */
		09191CB02B5A17A600E3FE7B /* RecapShopping.app */ = {isa = PBXFileReference; explicitFileType = wrapper.application; includeInIndex = 0; path = RecapShopping.app; sourceTree = BUILT_PRODUCTS_DIR; };
		09191CB32B5A17A600E3FE7B /* AppDelegate.swift */ = {isa = PBXFileReference; lastKnownFileType = sourcecode.swift; path = AppDelegate.swift; sourceTree = "<group>"; };
		09191CB52B5A17A600E3FE7B /* SceneDelegate.swift */ = {isa = PBXFileReference; lastKnownFileType = sourcecode.swift; path = SceneDelegate.swift; sourceTree = "<group>"; };
		09191CB72B5A17A600E3FE7B /* ViewController.swift */ = {isa = PBXFileReference; lastKnownFileType = sourcecode.swift; path = ViewController.swift; sourceTree = "<group>"; };
		09191CBA2B5A17A600E3FE7B /* Base */ = {isa = PBXFileReference; lastKnownFileType = file.storyboard; name = Base; path = Base.lproj/Main.storyboard; sourceTree = "<group>"; };
		09191CBC2B5A17A700E3FE7B /* Assets.xcassets */ = {isa = PBXFileReference; lastKnownFileType = folder.assetcatalog; path = Assets.xcassets; sourceTree = "<group>"; };
		09191CBF2B5A17A700E3FE7B /* Base */ = {isa = PBXFileReference; lastKnownFileType = file.storyboard; name = Base; path = Base.lproj/LaunchScreen.storyboard; sourceTree = "<group>"; };
		09191CC12B5A17A700E3FE7B /* Info.plist */ = {isa = PBXFileReference; lastKnownFileType = text.plist.xml; path = Info.plist; sourceTree = "<group>"; };
		09191CCB2B5A186900E3FE7B /* Onboarding.storyboard */ = {isa = PBXFileReference; lastKnownFileType = file.storyboard; path = Onboarding.storyboard; sourceTree = "<group>"; };
		09191CCD2B5A1A1500E3FE7B /* Profile.storyboard */ = {isa = PBXFileReference; lastKnownFileType = file.storyboard; path = Profile.storyboard; sourceTree = "<group>"; };
		09191CCF2B5A1B5E00E3FE7B /* Search.storyboard */ = {isa = PBXFileReference; lastKnownFileType = file.storyboard; path = Search.storyboard; sourceTree = "<group>"; };
		09191CD22B5A1E1600E3FE7B /* Setting.storyboard */ = {isa = PBXFileReference; lastKnownFileType = file.storyboard; path = Setting.storyboard; sourceTree = "<group>"; };
		09191CD42B5A20E700E3FE7B /* OnboardingViewController.swift */ = {isa = PBXFileReference; lastKnownFileType = sourcecode.swift; path = OnboardingViewController.swift; sourceTree = "<group>"; };
		09191CD62B5A249300E3FE7B /* SearchViewController.swift */ = {isa = PBXFileReference; lastKnownFileType = sourcecode.swift; path = SearchViewController.swift; sourceTree = "<group>"; };
		09191CD82B5A28E300E3FE7B /* SearchResultViewController.swift */ = {isa = PBXFileReference; lastKnownFileType = sourcecode.swift; path = SearchResultViewController.swift; sourceTree = "<group>"; };
		09191CDA2B5A2F1000E3FE7B /* ProfileViewController.swift */ = {isa = PBXFileReference; lastKnownFileType = sourcecode.swift; path = ProfileViewController.swift; sourceTree = "<group>"; };
		09191CDC2B5A3D2900E3FE7B /* ProfileImageViewController.swift */ = {isa = PBXFileReference; lastKnownFileType = sourcecode.swift; path = ProfileImageViewController.swift; sourceTree = "<group>"; };
		09191CE02B5A422400E3FE7B /* ProfileTableViewCell.swift */ = {isa = PBXFileReference; lastKnownFileType = sourcecode.swift; path = ProfileTableViewCell.swift; sourceTree = "<group>"; };
		09191CE12B5A422400E3FE7B /* ProfileTableViewCell.xib */ = {isa = PBXFileReference; lastKnownFileType = file.xib; path = ProfileTableViewCell.xib; sourceTree = "<group>"; };
		09191CE42B5A44A000E3FE7B /* SettingViewController.swift */ = {isa = PBXFileReference; lastKnownFileType = sourcecode.swift; path = SettingViewController.swift; sourceTree = "<group>"; };
		09191CE82B5A4BBA00E3FE7B /* SettingTableViewCell.swift */ = {isa = PBXFileReference; lastKnownFileType = sourcecode.swift; path = SettingTableViewCell.swift; sourceTree = "<group>"; };
		09191CE92B5A4BBA00E3FE7B /* SettingTableViewCell.xib */ = {isa = PBXFileReference; lastKnownFileType = file.xib; path = SettingTableViewCell.xib; sourceTree = "<group>"; };
		09191CEC2B5A4E2F00E3FE7B /* ProfileImageCollectionViewCell.swift */ = {isa = PBXFileReference; lastKnownFileType = sourcecode.swift; path = ProfileImageCollectionViewCell.swift; sourceTree = "<group>"; };
		09191CED2B5A4E2F00E3FE7B /* ProfileImageCollectionViewCell.xib */ = {isa = PBXFileReference; lastKnownFileType = file.xib; path = ProfileImageCollectionViewCell.xib; sourceTree = "<group>"; };
		09191CF02B5A51D900E3FE7B /* SearchDetailViewController.swift */ = {isa = PBXFileReference; lastKnownFileType = sourcecode.swift; path = SearchDetailViewController.swift; sourceTree = "<group>"; };
		09191CF22B5A51F400E3FE7B /* RecentSearchTableViewCell.swift */ = {isa = PBXFileReference; lastKnownFileType = sourcecode.swift; path = RecentSearchTableViewCell.swift; sourceTree = "<group>"; };
		09191CF32B5A51F400E3FE7B /* RecentSearchTableViewCell.xib */ = {isa = PBXFileReference; lastKnownFileType = file.xib; path = RecentSearchTableViewCell.xib; sourceTree = "<group>"; };
		09191CF82B5A53DF00E3FE7B /* SearchResultCollectionViewCell.swift */ = {isa = PBXFileReference; lastKnownFileType = sourcecode.swift; path = SearchResultCollectionViewCell.swift; sourceTree = "<group>"; };
		09191CF92B5A53DF00E3FE7B /* SearchResultCollectionViewCell.xib */ = {isa = PBXFileReference; lastKnownFileType = file.xib; path = SearchResultCollectionViewCell.xib; sourceTree = "<group>"; };
		09191CFF2B5AAD6500E3FE7B /* UserDefaultsManager.swift */ = {isa = PBXFileReference; lastKnownFileType = sourcecode.swift; path = UserDefaultsManager.swift; sourceTree = "<group>"; };
		09191D012B5CCBF300E3FE7B /* .gitignore */ = {isa = PBXFileReference; lastKnownFileType = text; path = .gitignore; sourceTree = "<group>"; };
		09191D032B5CCC2F00E3FE7B /* APIKey.swift */ = {isa = PBXFileReference; lastKnownFileType = sourcecode.swift; path = APIKey.swift; sourceTree = "<group>"; };
		09191D0A2B5CCE4700E3FE7B /* Shopping.swift */ = {isa = PBXFileReference; lastKnownFileType = sourcecode.swift; path = Shopping.swift; sourceTree = "<group>"; };
		09191D0F2B5D32F500E3FE7B /* mainTabBarController.swift */ = {isa = PBXFileReference; lastKnownFileType = sourcecode.swift; path = mainTabBarController.swift; sourceTree = "<group>"; };
/* End PBXFileReference section */

/* Begin PBXFrameworksBuildPhase section */
		09191CAD2B5A17A600E3FE7B /* Frameworks */ = {
			isa = PBXFrameworksBuildPhase;
			buildActionMask = 2147483647;
			files = (
				09191D0E2B5CDF0C00E3FE7B /* Kingfisher in Frameworks */,
				09191D072B5CCDA600E3FE7B /* Alamofire in Frameworks */,
			);
			runOnlyForDeploymentPostprocessing = 0;
		};
/* End PBXFrameworksBuildPhase section */

/* Begin PBXGroup section */
		09191CA72B5A17A600E3FE7B = {
			isa = PBXGroup;
			children = (
				09191CB22B5A17A600E3FE7B /* RecapShopping */,
				09191CB12B5A17A600E3FE7B /* Products */,
			);
			sourceTree = "<group>";
		};
		09191CB12B5A17A600E3FE7B /* Products */ = {
			isa = PBXGroup;
			children = (
				09191CB02B5A17A600E3FE7B /* RecapShopping.app */,
			);
			name = Products;
			sourceTree = "<group>";
		};
		09191CB22B5A17A600E3FE7B /* RecapShopping */ = {
			isa = PBXGroup;
			children = (
				09191CFC2B5AA72900E3FE7B /* Model */,
				09191CC72B5A17CF00E3FE7B /* Onboarding */,
				09191CC92B5A17E100E3FE7B /* Search */,
				09191CCA2B5A17F100E3FE7B /* Profile */,
				09191CD12B5A1E0B00E3FE7B /* Setting */,
				09191CB32B5A17A600E3FE7B /* AppDelegate.swift */,
				09191CB52B5A17A600E3FE7B /* SceneDelegate.swift */,
				09191CFF2B5AAD6500E3FE7B /* UserDefaultsManager.swift */,
				09191CB72B5A17A600E3FE7B /* ViewController.swift */,
				09191CB92B5A17A600E3FE7B /* Main.storyboard */,
				09191CBC2B5A17A700E3FE7B /* Assets.xcassets */,
				09191CBE2B5A17A700E3FE7B /* LaunchScreen.storyboard */,
				09191CC12B5A17A700E3FE7B /* Info.plist */,
				09191D012B5CCBF300E3FE7B /* .gitignore */,
				09191D032B5CCC2F00E3FE7B /* APIKey.swift */,
				09191D0F2B5D32F500E3FE7B /* mainTabBarController.swift */,
			);
			path = RecapShopping;
			sourceTree = "<group>";
		};
		09191CC72B5A17CF00E3FE7B /* Onboarding */ = {
			isa = PBXGroup;
			children = (
				09191CCB2B5A186900E3FE7B /* Onboarding.storyboard */,
				09191CD42B5A20E700E3FE7B /* OnboardingViewController.swift */,
			);
			path = Onboarding;
			sourceTree = "<group>";
		};
		09191CC92B5A17E100E3FE7B /* Search */ = {
			isa = PBXGroup;
			children = (
				09191CCF2B5A1B5E00E3FE7B /* Search.storyboard */,
				09191CD62B5A249300E3FE7B /* SearchViewController.swift */,
				09191CF22B5A51F400E3FE7B /* RecentSearchTableViewCell.swift */,
				09191CF32B5A51F400E3FE7B /* RecentSearchTableViewCell.xib */,
				09191CD82B5A28E300E3FE7B /* SearchResultViewController.swift */,
				09191CF82B5A53DF00E3FE7B /* SearchResultCollectionViewCell.swift */,
				09191CF92B5A53DF00E3FE7B /* SearchResultCollectionViewCell.xib */,
				09191CF02B5A51D900E3FE7B /* SearchDetailViewController.swift */,
			);
			path = Search;
			sourceTree = "<group>";
		};
		09191CCA2B5A17F100E3FE7B /* Profile */ = {
			isa = PBXGroup;
			children = (
				09191CCD2B5A1A1500E3FE7B /* Profile.storyboard */,
				09191CDA2B5A2F1000E3FE7B /* ProfileViewController.swift */,
				09191CDC2B5A3D2900E3FE7B /* ProfileImageViewController.swift */,
				09191CEC2B5A4E2F00E3FE7B /* ProfileImageCollectionViewCell.swift */,
				09191CED2B5A4E2F00E3FE7B /* ProfileImageCollectionViewCell.xib */,
			);
			path = Profile;
			sourceTree = "<group>";
		};
		09191CD12B5A1E0B00E3FE7B /* Setting */ = {
			isa = PBXGroup;
			children = (
				09191CD22B5A1E1600E3FE7B /* Setting.storyboard */,
				09191CE42B5A44A000E3FE7B /* SettingViewController.swift */,
				09191CE02B5A422400E3FE7B /* ProfileTableViewCell.swift */,
				09191CE12B5A422400E3FE7B /* ProfileTableViewCell.xib */,
				09191CE82B5A4BBA00E3FE7B /* SettingTableViewCell.swift */,
				09191CE92B5A4BBA00E3FE7B /* SettingTableViewCell.xib */,
			);
			path = Setting;
			sourceTree = "<group>";
		};
		09191CFC2B5AA72900E3FE7B /* Model */ = {
			isa = PBXGroup;
			children = (
				09191D0A2B5CCE4700E3FE7B /* Shopping.swift */,
			);
			path = Model;
			sourceTree = "<group>";
		};
/* End PBXGroup section */

/* Begin PBXNativeTarget section */
		09191CAF2B5A17A600E3FE7B /* RecapShopping */ = {
			isa = PBXNativeTarget;
			buildConfigurationList = 09191CC42B5A17A700E3FE7B /* Build configuration list for PBXNativeTarget "RecapShopping" */;
			buildPhases = (
				09191CAC2B5A17A600E3FE7B /* Sources */,
				09191CAD2B5A17A600E3FE7B /* Frameworks */,
				09191CAE2B5A17A600E3FE7B /* Resources */,
			);
			buildRules = (
			);
			dependencies = (
			);
			name = RecapShopping;
			packageProductDependencies = (
				09191D062B5CCDA600E3FE7B /* Alamofire */,
				09191D0D2B5CDF0C00E3FE7B /* Kingfisher */,
			);
			productName = RecapShopping;
			productReference = 09191CB02B5A17A600E3FE7B /* RecapShopping.app */;
			productType = "com.apple.product-type.application";
		};
/* End PBXNativeTarget section */

/* Begin PBXProject section */
		09191CA82B5A17A600E3FE7B /* Project object */ = {
			isa = PBXProject;
			attributes = {
				BuildIndependentTargetsInParallel = 1;
				LastSwiftUpdateCheck = 1510;
				LastUpgradeCheck = 1510;
				TargetAttributes = {
					09191CAF2B5A17A600E3FE7B = {
						CreatedOnToolsVersion = 15.1;
					};
				};
			};
			buildConfigurationList = 09191CAB2B5A17A600E3FE7B /* Build configuration list for PBXProject "RecapShopping" */;
			compatibilityVersion = "Xcode 14.0";
			developmentRegion = en;
			hasScannedForEncodings = 0;
			knownRegions = (
				en,
				Base,
			);
			mainGroup = 09191CA72B5A17A600E3FE7B;
			packageReferences = (
				09191D052B5CCDA600E3FE7B /* XCRemoteSwiftPackageReference "Alamofire" */,
				09191D0C2B5CDF0C00E3FE7B /* XCRemoteSwiftPackageReference "Kingfisher" */,
			);
			productRefGroup = 09191CB12B5A17A600E3FE7B /* Products */;
			projectDirPath = "";
			projectRoot = "";
			targets = (
				09191CAF2B5A17A600E3FE7B /* RecapShopping */,
			);
		};
/* End PBXProject section */

/* Begin PBXResourcesBuildPhase section */
		09191CAE2B5A17A600E3FE7B /* Resources */ = {
			isa = PBXResourcesBuildPhase;
			buildActionMask = 2147483647;
			files = (
				09191CC02B5A17A700E3FE7B /* LaunchScreen.storyboard in Resources */,
				09191CBD2B5A17A700E3FE7B /* Assets.xcassets in Resources */,
				09191CEF2B5A4E2F00E3FE7B /* ProfileImageCollectionViewCell.xib in Resources */,
				09191CF52B5A51F400E3FE7B /* RecentSearchTableViewCell.xib in Resources */,
				09191CD32B5A1E1600E3FE7B /* Setting.storyboard in Resources */,
				09191CCE2B5A1A1500E3FE7B /* Profile.storyboard in Resources */,
				09191CBB2B5A17A600E3FE7B /* Main.storyboard in Resources */,
				09191CFB2B5A53DF00E3FE7B /* SearchResultCollectionViewCell.xib in Resources */,
				09191CEB2B5A4BBA00E3FE7B /* SettingTableViewCell.xib in Resources */,
				09191CE32B5A422400E3FE7B /* ProfileTableViewCell.xib in Resources */,
				09191CD02B5A1B5E00E3FE7B /* Search.storyboard in Resources */,
				09191D022B5CCBF300E3FE7B /* .gitignore in Resources */,
				09191CCC2B5A186900E3FE7B /* Onboarding.storyboard in Resources */,
			);
			runOnlyForDeploymentPostprocessing = 0;
		};
/* End PBXResourcesBuildPhase section */

/* Begin PBXSourcesBuildPhase section */
		09191CAC2B5A17A600E3FE7B /* Sources */ = {
			isa = PBXSourcesBuildPhase;
			buildActionMask = 2147483647;
			files = (
				09191CF42B5A51F400E3FE7B /* RecentSearchTableViewCell.swift in Sources */,
				09191D0B2B5CCE4700E3FE7B /* Shopping.swift in Sources */,
				09191CEA2B5A4BBA00E3FE7B /* SettingTableViewCell.swift in Sources */,
				09191D002B5AAD6500E3FE7B /* UserDefaultsManager.swift in Sources */,
				09191D102B5D32F500E3FE7B /* mainTabBarController.swift in Sources */,
				09191CD72B5A249300E3FE7B /* SearchViewController.swift in Sources */,
				09191CB82B5A17A600E3FE7B /* ViewController.swift in Sources */,
				09191CFA2B5A53DF00E3FE7B /* SearchResultCollectionViewCell.swift in Sources */,
				09191CB42B5A17A600E3FE7B /* AppDelegate.swift in Sources */,
				09191CE22B5A422400E3FE7B /* ProfileTableViewCell.swift in Sources */,
				09191CB62B5A17A600E3FE7B /* SceneDelegate.swift in Sources */,
				09191CEE2B5A4E2F00E3FE7B /* ProfileImageCollectionViewCell.swift in Sources */,
				09191CE52B5A44A000E3FE7B /* SettingViewController.swift in Sources */,
				09191CDD2B5A3D2900E3FE7B /* ProfileImageViewController.swift in Sources */,
				09191CDB2B5A2F1000E3FE7B /* ProfileViewController.swift in Sources */,
				09191CD92B5A28E300E3FE7B /* SearchResultViewController.swift in Sources */,
				09191CF12B5A51D900E3FE7B /* SearchDetailViewController.swift in Sources */,
				09191D042B5CCC2F00E3FE7B /* APIKey.swift in Sources */,
				09191CD52B5A20E700E3FE7B /* OnboardingViewController.swift in Sources */,
			);
			runOnlyForDeploymentPostprocessing = 0;
		};
/* End PBXSourcesBuildPhase section */

/* Begin PBXVariantGroup section */
		09191CB92B5A17A600E3FE7B /* Main.storyboard */ = {
			isa = PBXVariantGroup;
			children = (
				09191CBA2B5A17A600E3FE7B /* Base */,
			);
			name = Main.storyboard;
			sourceTree = "<group>";
		};
		09191CBE2B5A17A700E3FE7B /* LaunchScreen.storyboard */ = {
			isa = PBXVariantGroup;
			children = (
				09191CBF2B5A17A700E3FE7B /* Base */,
			);
			name = LaunchScreen.storyboard;
			sourceTree = "<group>";
		};
/* End PBXVariantGroup section */

/* Begin XCBuildConfiguration section */
		09191CC22B5A17A700E3FE7B /* Debug */ = {
			isa = XCBuildConfiguration;
			buildSettings = {
				ALWAYS_SEARCH_USER_PATHS = NO;
				ASSETCATALOG_COMPILER_GENERATE_SWIFT_ASSET_SYMBOL_EXTENSIONS = YES;
				CLANG_ANALYZER_NONNULL = YES;
				CLANG_ANALYZER_NUMBER_OBJECT_CONVERSION = YES_AGGRESSIVE;
				CLANG_CXX_LANGUAGE_STANDARD = "gnu++20";
				CLANG_ENABLE_MODULES = YES;
				CLANG_ENABLE_OBJC_ARC = YES;
				CLANG_ENABLE_OBJC_WEAK = YES;
				CLANG_WARN_BLOCK_CAPTURE_AUTORELEASING = YES;
				CLANG_WARN_BOOL_CONVERSION = YES;
				CLANG_WARN_COMMA = YES;
				CLANG_WARN_CONSTANT_CONVERSION = YES;
				CLANG_WARN_DEPRECATED_OBJC_IMPLEMENTATIONS = YES;
				CLANG_WARN_DIRECT_OBJC_ISA_USAGE = YES_ERROR;
				CLANG_WARN_DOCUMENTATION_COMMENTS = YES;
				CLANG_WARN_EMPTY_BODY = YES;
				CLANG_WARN_ENUM_CONVERSION = YES;
				CLANG_WARN_INFINITE_RECURSION = YES;
				CLANG_WARN_INT_CONVERSION = YES;
				CLANG_WARN_NON_LITERAL_NULL_CONVERSION = YES;
				CLANG_WARN_OBJC_IMPLICIT_RETAIN_SELF = YES;
				CLANG_WARN_OBJC_LITERAL_CONVERSION = YES;
				CLANG_WARN_OBJC_ROOT_CLASS = YES_ERROR;
				CLANG_WARN_QUOTED_INCLUDE_IN_FRAMEWORK_HEADER = YES;
				CLANG_WARN_RANGE_LOOP_ANALYSIS = YES;
				CLANG_WARN_STRICT_PROTOTYPES = YES;
				CLANG_WARN_SUSPICIOUS_MOVE = YES;
				CLANG_WARN_UNGUARDED_AVAILABILITY = YES_AGGRESSIVE;
				CLANG_WARN_UNREACHABLE_CODE = YES;
				CLANG_WARN__DUPLICATE_METHOD_MATCH = YES;
				COPY_PHASE_STRIP = NO;
				DEBUG_INFORMATION_FORMAT = dwarf;
				ENABLE_STRICT_OBJC_MSGSEND = YES;
				ENABLE_TESTABILITY = YES;
				ENABLE_USER_SCRIPT_SANDBOXING = YES;
				GCC_C_LANGUAGE_STANDARD = gnu17;
				GCC_DYNAMIC_NO_PIC = NO;
				GCC_NO_COMMON_BLOCKS = YES;
				GCC_OPTIMIZATION_LEVEL = 0;
				GCC_PREPROCESSOR_DEFINITIONS = (
					"DEBUG=1",
					"$(inherited)",
				);
				GCC_WARN_64_TO_32_BIT_CONVERSION = YES;
				GCC_WARN_ABOUT_RETURN_TYPE = YES_ERROR;
				GCC_WARN_UNDECLARED_SELECTOR = YES;
				GCC_WARN_UNINITIALIZED_AUTOS = YES_AGGRESSIVE;
				GCC_WARN_UNUSED_FUNCTION = YES;
				GCC_WARN_UNUSED_VARIABLE = YES;
				IPHONEOS_DEPLOYMENT_TARGET = 17.2;
				LOCALIZATION_PREFERS_STRING_CATALOGS = YES;
				MTL_ENABLE_DEBUG_INFO = INCLUDE_SOURCE;
				MTL_FAST_MATH = YES;
				ONLY_ACTIVE_ARCH = YES;
				SDKROOT = iphoneos;
				SWIFT_ACTIVE_COMPILATION_CONDITIONS = "DEBUG $(inherited)";
				SWIFT_OPTIMIZATION_LEVEL = "-Onone";
			};
			name = Debug;
		};
		09191CC32B5A17A700E3FE7B /* Release */ = {
			isa = XCBuildConfiguration;
			buildSettings = {
				ALWAYS_SEARCH_USER_PATHS = NO;
				ASSETCATALOG_COMPILER_GENERATE_SWIFT_ASSET_SYMBOL_EXTENSIONS = YES;
				CLANG_ANALYZER_NONNULL = YES;
				CLANG_ANALYZER_NUMBER_OBJECT_CONVERSION = YES_AGGRESSIVE;
				CLANG_CXX_LANGUAGE_STANDARD = "gnu++20";
				CLANG_ENABLE_MODULES = YES;
				CLANG_ENABLE_OBJC_ARC = YES;
				CLANG_ENABLE_OBJC_WEAK = YES;
				CLANG_WARN_BLOCK_CAPTURE_AUTORELEASING = YES;
				CLANG_WARN_BOOL_CONVERSION = YES;
				CLANG_WARN_COMMA = YES;
				CLANG_WARN_CONSTANT_CONVERSION = YES;
				CLANG_WARN_DEPRECATED_OBJC_IMPLEMENTATIONS = YES;
				CLANG_WARN_DIRECT_OBJC_ISA_USAGE = YES_ERROR;
				CLANG_WARN_DOCUMENTATION_COMMENTS = YES;
				CLANG_WARN_EMPTY_BODY = YES;
				CLANG_WARN_ENUM_CONVERSION = YES;
				CLANG_WARN_INFINITE_RECURSION = YES;
				CLANG_WARN_INT_CONVERSION = YES;
				CLANG_WARN_NON_LITERAL_NULL_CONVERSION = YES;
				CLANG_WARN_OBJC_IMPLICIT_RETAIN_SELF = YES;
				CLANG_WARN_OBJC_LITERAL_CONVERSION = YES;
				CLANG_WARN_OBJC_ROOT_CLASS = YES_ERROR;
				CLANG_WARN_QUOTED_INCLUDE_IN_FRAMEWORK_HEADER = YES;
				CLANG_WARN_RANGE_LOOP_ANALYSIS = YES;
				CLANG_WARN_STRICT_PROTOTYPES = YES;
				CLANG_WARN_SUSPICIOUS_MOVE = YES;
				CLANG_WARN_UNGUARDED_AVAILABILITY = YES_AGGRESSIVE;
				CLANG_WARN_UNREACHABLE_CODE = YES;
				CLANG_WARN__DUPLICATE_METHOD_MATCH = YES;
				COPY_PHASE_STRIP = NO;
				DEBUG_INFORMATION_FORMAT = "dwarf-with-dsym";
				ENABLE_NS_ASSERTIONS = NO;
				ENABLE_STRICT_OBJC_MSGSEND = YES;
				ENABLE_USER_SCRIPT_SANDBOXING = YES;
				GCC_C_LANGUAGE_STANDARD = gnu17;
				GCC_NO_COMMON_BLOCKS = YES;
				GCC_WARN_64_TO_32_BIT_CONVERSION = YES;
				GCC_WARN_ABOUT_RETURN_TYPE = YES_ERROR;
				GCC_WARN_UNDECLARED_SELECTOR = YES;
				GCC_WARN_UNINITIALIZED_AUTOS = YES_AGGRESSIVE;
				GCC_WARN_UNUSED_FUNCTION = YES;
				GCC_WARN_UNUSED_VARIABLE = YES;
				IPHONEOS_DEPLOYMENT_TARGET = 17.2;
				LOCALIZATION_PREFERS_STRING_CATALOGS = YES;
				MTL_ENABLE_DEBUG_INFO = NO;
				MTL_FAST_MATH = YES;
				SDKROOT = iphoneos;
				SWIFT_COMPILATION_MODE = wholemodule;
				VALIDATE_PRODUCT = YES;
			};
			name = Release;
		};
		09191CC52B5A17A700E3FE7B /* Debug */ = {
			isa = XCBuildConfiguration;
			buildSettings = {
				ASSETCATALOG_COMPILER_APPICON_NAME = AppIcon;
				ASSETCATALOG_COMPILER_GLOBAL_ACCENT_COLOR_NAME = AccentColor;
				CODE_SIGN_STYLE = Automatic;
				CURRENT_PROJECT_VERSION = 1;
				GENERATE_INFOPLIST_FILE = YES;
				INFOPLIST_FILE = RecapShopping/Info.plist;
				INFOPLIST_KEY_UIApplicationSupportsIndirectInputEvents = YES;
				INFOPLIST_KEY_UILaunchStoryboardName = LaunchScreen;
				INFOPLIST_KEY_UIMainStoryboardFile = Main;
				INFOPLIST_KEY_UISupportedInterfaceOrientations = UIInterfaceOrientationPortrait;
				INFOPLIST_KEY_UISupportedInterfaceOrientations_iPad = "UIInterfaceOrientationLandscapeLeft UIInterfaceOrientationLandscapeRight UIInterfaceOrientationPortrait UIInterfaceOrientationPortraitUpsideDown";
				IPHONEOS_DEPLOYMENT_TARGET = 15.0;
				LD_RUNPATH_SEARCH_PATHS = (
					"$(inherited)",
					"@executable_path/Frameworks",
				);
				MARKETING_VERSION = 1.0;
				PRODUCT_BUNDLE_IDENTIFIER = com.j.RecapShopping;
				PRODUCT_NAME = "$(TARGET_NAME)";
				SUPPORTED_PLATFORMS = "iphoneos iphonesimulator";
				SUPPORTS_MACCATALYST = NO;
				SUPPORTS_MAC_DESIGNED_FOR_IPHONE_IPAD = NO;
				SWIFT_EMIT_LOC_STRINGS = YES;
				SWIFT_VERSION = 5.0;
				TARGETED_DEVICE_FAMILY = 1;
			};
			name = Debug;
		};
		09191CC62B5A17A700E3FE7B /* Release */ = {
			isa = XCBuildConfiguration;
			buildSettings = {
				ASSETCATALOG_COMPILER_APPICON_NAME = AppIcon;
				ASSETCATALOG_COMPILER_GLOBAL_ACCENT_COLOR_NAME = AccentColor;
				CODE_SIGN_STYLE = Automatic;
				CURRENT_PROJECT_VERSION = 1;
				GENERATE_INFOPLIST_FILE = YES;
				INFOPLIST_FILE = RecapShopping/Info.plist;
				INFOPLIST_KEY_UIApplicationSupportsIndirectInputEvents = YES;
				INFOPLIST_KEY_UILaunchStoryboardName = LaunchScreen;
				INFOPLIST_KEY_UIMainStoryboardFile = Main;
				INFOPLIST_KEY_UISupportedInterfaceOrientations = UIInterfaceOrientationPortrait;
				INFOPLIST_KEY_UISupportedInterfaceOrientations_iPad = "UIInterfaceOrientationLandscapeLeft UIInterfaceOrientationLandscapeRight UIInterfaceOrientationPortrait UIInterfaceOrientationPortraitUpsideDown";
				IPHONEOS_DEPLOYMENT_TARGET = 15.0;
				LD_RUNPATH_SEARCH_PATHS = (
					"$(inherited)",
					"@executable_path/Frameworks",
				);
				MARKETING_VERSION = 1.0;
				PRODUCT_BUNDLE_IDENTIFIER = com.j.RecapShopping;
				PRODUCT_NAME = "$(TARGET_NAME)";
				SUPPORTED_PLATFORMS = "iphoneos iphonesimulator";
				SUPPORTS_MACCATALYST = NO;
				SUPPORTS_MAC_DESIGNED_FOR_IPHONE_IPAD = NO;
				SWIFT_EMIT_LOC_STRINGS = YES;
				SWIFT_VERSION = 5.0;
				TARGETED_DEVICE_FAMILY = 1;
			};
			name = Release;
		};
/* End XCBuildConfiguration section */

/* Begin XCConfigurationList section */
		09191CAB2B5A17A600E3FE7B /* Build configuration list for PBXProject "RecapShopping" */ = {
			isa = XCConfigurationList;
			buildConfigurations = (
				09191CC22B5A17A700E3FE7B /* Debug */,
				09191CC32B5A17A700E3FE7B /* Release */,
			);
			defaultConfigurationIsVisible = 0;
			defaultConfigurationName = Release;
		};
		09191CC42B5A17A700E3FE7B /* Build configuration list for PBXNativeTarget "RecapShopping" */ = {
			isa = XCConfigurationList;
			buildConfigurations = (
				09191CC52B5A17A700E3FE7B /* Debug */,
				09191CC62B5A17A700E3FE7B /* Release */,
			);
			defaultConfigurationIsVisible = 0;
			defaultConfigurationName = Release;
		};
/* End XCConfigurationList section */

/* Begin XCRemoteSwiftPackageReference section */
		09191D052B5CCDA600E3FE7B /* XCRemoteSwiftPackageReference "Alamofire" */ = {
			isa = XCRemoteSwiftPackageReference;
			repositoryURL = "https://github.com/Alamofire/Alamofire.git";
			requirement = {
				kind = upToNextMajorVersion;
				minimumVersion = 5.8.1;
			};
		};
		09191D0C2B5CDF0C00E3FE7B /* XCRemoteSwiftPackageReference "Kingfisher" */ = {
			isa = XCRemoteSwiftPackageReference;
			repositoryURL = "https://github.com/onevcat/Kingfisher.git";
			requirement = {
				kind = upToNextMajorVersion;
				minimumVersion = 7.10.2;
			};
		};
/* End XCRemoteSwiftPackageReference section */

/* Begin XCSwiftPackageProductDependency section */
		09191D062B5CCDA600E3FE7B /* Alamofire */ = {
			isa = XCSwiftPackageProductDependency;
			package = 09191D052B5CCDA600E3FE7B /* XCRemoteSwiftPackageReference "Alamofire" */;
			productName = Alamofire;
		};
		09191D0D2B5CDF0C00E3FE7B /* Kingfisher */ = {
			isa = XCSwiftPackageProductDependency;
			package = 09191D0C2B5CDF0C00E3FE7B /* XCRemoteSwiftPackageReference "Kingfisher" */;
			productName = Kingfisher;
		};
/* End XCSwiftPackageProductDependency section */
	};
	rootObject = 09191CA82B5A17A600E3FE7B /* Project object */;
}
